
Microsoft Visual Studio Solution File, Format Version 12.00
# Visual Studio 15
VisualStudioVersion = 15.0.26124.0
MinimumVisualStudioVersion = 15.0.26124.0
Project("{FAE04EC0-301F-11D3-BF4B-00C04F79EFBC}") = "GameTOP", "GameTOP\GameTOP.csproj", "{E370FAD4-1159-49A7-AEDA-D2865C3EC94C}"
EndProject
Project("{FAE04EC0-301F-11D3-BF4B-00C04F79EFBC}") = "GameTOP.Interface", "GameTOP.Interface\GameTOP.Interface.csproj", "{310CAF8A-4C31-4550-AE7E-7AD275266CA1}"
EndProject
Project("{FAE04EC0-301F-11D3-BF4B-00C04F79EFBC}") = "GameTOP.Lib", "GameTOP.Lib\GameTOP.Lib.csproj", "{CCF3C3DB-8657-4DB1-A60F-F132AB5FF233}"
EndProject
Global
	GlobalSection(SolutionConfigurationPlatforms) = preSolution
		Debug|Any CPU = Debug|Any CPU
		Debug|x64 = Debug|x64
		Debug|x86 = Debug|x86
		Release|Any CPU = Release|Any CPU
		Release|x64 = Release|x64
		Release|x86 = Release|x86
	EndGlobalSection
	GlobalSection(SolutionProperties) = preSolution
		HideSolutionNode = FALSE
	EndGlobalSection
	GlobalSection(ProjectConfigurationPlatforms) = postSolution
		{E370FAD4-1159-49A7-AEDA-D2865C3EC94C}.Debug|Any CPU.ActiveCfg = Debug|Any CPU
		{E370FAD4-1159-49A7-AEDA-D2865C3EC94C}.Debug|Any CPU.Build.0 = Debug|Any CPU
		{E370FAD4-1159-49A7-AEDA-D2865C3EC94C}.Debug|x64.ActiveCfg = Debug|Any CPU
		{E370FAD4-1159-49A7-AEDA-D2865C3EC94C}.Debug|x64.Build.0 = Debug|Any CPU
		{E370FAD4-1159-49A7-AEDA-D2865C3EC94C}.Debug|x86.ActiveCfg = Debug|Any CPU
		{E370FAD4-1159-49A7-AEDA-D2865C3EC94C}.Debug|x86.Build.0 = Debug|Any CPU
		{E370FAD4-1159-49A7-AEDA-D2865C3EC94C}.Release|Any CPU.ActiveCfg = Release|Any CPU
		{E370FAD4-1159-49A7-AEDA-D2865C3EC94C}.Release|Any CPU.Build.0 = Release|Any CPU
		{E370FAD4-1159-49A7-AEDA-D2865C3EC94C}.Release|x64.ActiveCfg = Release|Any CPU
		{E370FAD4-1159-49A7-AEDA-D2865C3EC94C}.Release|x64.Build.0 = Release|Any CPU
		{E370FAD4-1159-49A7-AEDA-D2865C3EC94C}.Release|x86.ActiveCfg = Release|Any CPU
		{E370FAD4-1159-49A7-AEDA-D2865C3EC94C}.Release|x86.Build.0 = Release|Any CPU
		{310CAF8A-4C31-4550-AE7E-7AD275266CA1}.Debug|Any CPU.ActiveCfg = Debug|Any CPU
		{310CAF8A-4C31-4550-AE7E-7AD275266CA1}.Debug|Any CPU.Build.0 = Debug|Any CPU
		{310CAF8A-4C31-4550-AE7E-7AD275266CA1}.Debug|x64.ActiveCfg = Debug|Any CPU
		{310CAF8A-4C31-4550-AE7E-7AD275266CA1}.Debug|x64.Build.0 = Debug|Any CPU
		{310CAF8A-4C31-4550-AE7E-7AD275266CA1}.Debug|x86.ActiveCfg = Debug|Any CPU
		{310CAF8A-4C31-4550-AE7E-7AD275266CA1}.Debug|x86.Build.0 = Debug|Any CPU
		{310CAF8A-4C31-4550-AE7E-7AD275266CA1}.Release|Any CPU.ActiveCfg = Release|Any CPU
		{310CAF8A-4C31-4550-AE7E-7AD275266CA1}.Release|Any CPU.Build.0 = Release|Any CPU
		{310CAF8A-4C31-4550-AE7E-7AD275266CA1}.Release|x64.ActiveCfg = Release|Any CPU
		{310CAF8A-4C31-4550-AE7E-7AD275266CA1}.Release|x64.Build.0 = Release|Any CPU
		{310CAF8A-4C31-4550-AE7E-7AD275266CA1}.Release|x86.ActiveCfg = Release|Any CPU
		{310CAF8A-4C31-4550-AE7E-7AD275266CA1}.Release|x86.Build.0 = Release|Any CPU
		{CCF3C3DB-8657-4DB1-A60F-F132AB5FF233}.Debug|Any CPU.ActiveCfg = Debug|Any CPU
		{CCF3C3DB-8657-4DB1-A60F-F132AB5FF233}.Debug|Any CPU.Build.0 = Debug|Any CPU
		{CCF3C3DB-8657-4DB1-A60F-F132AB5FF233}.Debug|x64.ActiveCfg = Debug|Any CPU
		{CCF3C3DB-8657-4DB1-A60F-F132AB5FF233}.Debug|x64.Build.0 = Debug|Any CPU
		{CCF3C3DB-8657-4DB1-A60F-F132AB5FF233}.Debug|x86.ActiveCfg = Debug|Any CPU
		{CCF3C3DB-8657-4DB1-A60F-F132AB5FF233}.Debug|x86.Build.0 = Debug|Any CPU
		{CCF3C3DB-8657-4DB1-A60F-F132AB5FF233}.Release|Any CPU.ActiveCfg = Release|Any CPU
		{CCF3C3DB-8657-4DB1-A60F-F132AB5FF233}.Release|Any CPU.Build.0 = Release|Any CPU
		{CCF3C3DB-8657-4DB1-A60F-F132AB5FF233}.Release|x64.ActiveCfg = Release|Any CPU
		{CCF3C3DB-8657-4DB1-A60F-F132AB5FF233}.Release|x64.Build.0 = Release|Any CPU
		{CCF3C3DB-8657-4DB1-A60F-F132AB5FF233}.Release|x86.ActiveCfg = Release|Any CPU
		{CCF3C3DB-8657-4DB1-A60F-F132AB5FF233}.Release|x86.Build.0 = Release|Any CPU
	EndGlobalSection
EndGlobal
